
Microsoft Visual Studio Solution File, Format Version 12.00
# Visual Studio 15
VisualStudioVersion = 15.0.28307.572
MinimumVisualStudioVersion = 10.0.40219.1
Project("{930C7802-8A8C-48F9-8165-68863BCCD9DD}") = "msi", "msi\msi.wixproj", "{95B3AE56-37CC-4CDF-813C-6566698D5709}"
EndProject
Project("{930C7802-8A8C-48F9-8165-68863BCCD9DD}") = "bundle", "bundle\bundle.wixproj", "{0A6FA202-7443-4F18-A462-F77C543BF921}"
EndProject
Global
	GlobalSection(SolutionConfigurationPlatforms) = preSolution
		Debug|x86 = Debug|x86
		Release|x86 = Release|x86
	EndGlobalSection
	GlobalSection(ProjectConfigurationPlatforms) = postSolution
		{95B3AE56-37CC-4CDF-813C-6566698D5709}.Debug|x86.ActiveCfg = Debug|x86
		{95B3AE56-37CC-4CDF-813C-6566698D5709}.Debug|x86.Build.0 = Debug|x86
		{95B3AE56-37CC-4CDF-813C-6566698D5709}.Release|x86.ActiveCfg = Release|x86
		{95B3AE56-37CC-4CDF-813C-6566698D5709}.Release|x86.Build.0 = Release|x86
		{0A6FA202-7443-4F18-A462-F77C543BF921}.Debug|x86.ActiveCfg = Debug|x86
		{0A6FA202-7443-4F18-A462-F77C543BF921}.Debug|x86.Build.0 = Debug|x86
		{0A6FA202-7443-4F18-A462-F77C543BF921}.Release|x86.ActiveCfg = Release|x86
		{0A6FA202-7443-4F18-A462-F77C543BF921}.Release|x86.Build.0 = Release|x86
	EndGlobalSection
	GlobalSection(SolutionProperties) = preSolution
		HideSolutionNode = FALSE
	EndGlobalSection
	GlobalSection(ExtensibilityGlobals) = postSolution
		SolutionGuid = {64E79EE7-3984-4CFD-8932-28A7BB3AF21D}
	EndGlobalSection
EndGlobal
